
Microsoft Visual Studio Solution File, Format Version 12.00
# Visual Studio Version 17
VisualStudioVersion = 17.0.31912.275
MinimumVisualStudioVersion = 10.0.40219.1
Project("{2150E333-8FDC-42A3-9474-1A3956D46DE8}") = "NETFX", "NETFX", "{228A95CA-C047-4665-B553-63A82B167A37}"
EndProject
Project("{FAE04EC0-301F-11D3-BF4B-00C04F79EFBC}") = "SampleNetFxWinformsApp", "NETFX\SampleNetFxWinformsApp\SampleNetFxWinformsApp.csproj", "{67F2335F-CC91-41F3-AB50-CEB2E6375F7F}"
EndProject
Project("{2150E333-8FDC-42A3-9474-1A3956D46DE8}") = "NETCORE", "NETCORE", "{EB5BC1FC-E335-42AC-84C2-8656757C418F}"
EndProject
Project("{FAE04EC0-301F-11D3-BF4B-00C04F79EFBC}") = "SampleNetCoreWinformsApp", "NETCORE\SampleNetCoreWinformsApp\SampleNetCoreWinformsApp.csproj", "{DD287DAD-CC1D-4C7F-B62D-71FFD3D0D70D}"
EndProject
Global
	GlobalSection(SolutionConfigurationPlatforms) = preSolution
		Debug|Any CPU = Debug|Any CPU
		Release|Any CPU = Release|Any CPU
	EndGlobalSection
	GlobalSection(ProjectConfigurationPlatforms) = postSolution
		{67F2335F-CC91-41F3-AB50-CEB2E6375F7F}.Debug|Any CPU.ActiveCfg = Debug|Any CPU
		{67F2335F-CC91-41F3-AB50-CEB2E6375F7F}.Debug|Any CPU.Build.0 = Debug|Any CPU
		{67F2335F-CC91-41F3-AB50-CEB2E6375F7F}.Release|Any CPU.ActiveCfg = Release|Any CPU
		{67F2335F-CC91-41F3-AB50-CEB2E6375F7F}.Release|Any CPU.Build.0 = Release|Any CPU
		{DD287DAD-CC1D-4C7F-B62D-71FFD3D0D70D}.Debug|Any CPU.ActiveCfg = Debug|Any CPU
		{DD287DAD-CC1D-4C7F-B62D-71FFD3D0D70D}.Debug|Any CPU.Build.0 = Debug|Any CPU
		{DD287DAD-CC1D-4C7F-B62D-71FFD3D0D70D}.Release|Any CPU.ActiveCfg = Release|Any CPU
		{DD287DAD-CC1D-4C7F-B62D-71FFD3D0D70D}.Release|Any CPU.Build.0 = Release|Any CPU
	EndGlobalSection
	GlobalSection(SolutionProperties) = preSolution
		HideSolutionNode = FALSE
	EndGlobalSection
	GlobalSection(NestedProjects) = preSolution
		{67F2335F-CC91-41F3-AB50-CEB2E6375F7F} = {228A95CA-C047-4665-B553-63A82B167A37}
		{DD287DAD-CC1D-4C7F-B62D-71FFD3D0D70D} = {EB5BC1FC-E335-42AC-84C2-8656757C418F}
	EndGlobalSection
	GlobalSection(ExtensibilityGlobals) = postSolution
		SolutionGuid = {FC07385C-2F7F-460D-BBCC-27DB7684089D}
	EndGlobalSection
EndGlobal
